
Microsoft Visual Studio Solution File, Format Version 12.00
# Visual Studio Version 16
VisualStudioVersion = 16.0.30128.74
MinimumVisualStudioVersion = 10.0.40219.1
Project("{FAE04EC0-301F-11D3-BF4B-00C04F79EFBC}") = "GatewayPublishing", "GatewayPublishing\GatewayPublishing.csproj", "{03FAFE7A-188E-4193-A309-CFC35FB55150}"
EndProject
Global
	GlobalSection(SolutionConfigurationPlatforms) = preSolution
		Debug|Any CPU = Debug|Any CPU
		Release|Any CPU = Release|Any CPU
	EndGlobalSection
	GlobalSection(ProjectConfigurationPlatforms) = postSolution
		{03FAFE7A-188E-4193-A309-CFC35FB55150}.Debug|Any CPU.ActiveCfg = Debug|Any CPU
		{03FAFE7A-188E-4193-A309-CFC35FB55150}.Debug|Any CPU.Build.0 = Debug|Any CPU
		{03FAFE7A-188E-4193-A309-CFC35FB55150}.Release|Any CPU.ActiveCfg = Release|Any CPU
		{03FAFE7A-188E-4193-A309-CFC35FB55150}.Release|Any CPU.Build.0 = Release|Any CPU
	EndGlobalSection
	GlobalSection(SolutionProperties) = preSolution
		HideSolutionNode = FALSE
	EndGlobalSection
	GlobalSection(ExtensibilityGlobals) = postSolution
		SolutionGuid = {D6FCD96C-40D5-4CA6-BF58-B10BDA00ED56}
	EndGlobalSection
EndGlobal
